
Microsoft Visual Studio Solution File, Format Version 12.00
# Visual Studio Version 16
Project("{8BC9CEB8-8B4A-11D0-8D11-00A0C91BC942}") = "ALL_BUILD", "ALL_BUILD.vcxproj", "{3DAFF251-F2A0-37D2-8EA1-7F2145AE55A0}"
	ProjectSection(ProjectDependencies) = postProject
		{81E01B56-E927-3445-BCDA-B8F3984C8EC3} = {81E01B56-E927-3445-BCDA-B8F3984C8EC3}
		{D6E8BEBE-B906-384F-9CAB-6C616F112CB4} = {D6E8BEBE-B906-384F-9CAB-6C616F112CB4}
		{148F8977-7079-397B-AE44-7A2010F5672C} = {148F8977-7079-397B-AE44-7A2010F5672C}
		{5F0C22F1-C275-328D-993B-22F4FA77D3BE} = {5F0C22F1-C275-328D-993B-22F4FA77D3BE}
	EndProjectSection
EndProject
Project("{8BC9CEB8-8B4A-11D0-8D11-00A0C91BC942}") = "INSTALL", "INSTALL.vcxproj", "{AB53F85C-CDF6-3BAB-A783-E77CDE246B33}"
	ProjectSection(ProjectDependencies) = postProject
		{3DAFF251-F2A0-37D2-8EA1-7F2145AE55A0} = {3DAFF251-F2A0-37D2-8EA1-7F2145AE55A0}
		{81E01B56-E927-3445-BCDA-B8F3984C8EC3} = {81E01B56-E927-3445-BCDA-B8F3984C8EC3}
	EndProjectSection
EndProject
Project("{8BC9CEB8-8B4A-11D0-8D11-00A0C91BC942}") = "UpdateAssimpLibsDebugSymbolsAndDLLs", "UpdateAssimpLibsDebugSymbolsAndDLLs.vcxproj", "{5C8EF5A8-186F-3E2A-AC23-24198BDA940C}"
	ProjectSection(ProjectDependencies) = postProject
		{81E01B56-E927-3445-BCDA-B8F3984C8EC3} = {81E01B56-E927-3445-BCDA-B8F3984C8EC3}
	EndProjectSection
EndProject
Project("{8BC9CEB8-8B4A-11D0-8D11-00A0C91BC942}") = "ZERO_CHECK", "ZERO_CHECK.vcxproj", "{81E01B56-E927-3445-BCDA-B8F3984C8EC3}"
	ProjectSection(ProjectDependencies) = postProject
	EndProjectSection
EndProject
Project("{8BC9CEB8-8B4A-11D0-8D11-00A0C91BC942}") = "assimp", "code\assimp.vcxproj", "{D6E8BEBE-B906-384F-9CAB-6C616F112CB4}"
	ProjectSection(ProjectDependencies) = postProject
		{81E01B56-E927-3445-BCDA-B8F3984C8EC3} = {81E01B56-E927-3445-BCDA-B8F3984C8EC3}
		{5F0C22F1-C275-328D-993B-22F4FA77D3BE} = {5F0C22F1-C275-328D-993B-22F4FA77D3BE}
	EndProjectSection
EndProject
Project("{8BC9CEB8-8B4A-11D0-8D11-00A0C91BC942}") = "uninstall", "uninstall.vcxproj", "{644C2D6E-DDCE-38DF-BCDE-FB3AE5131370}"
	ProjectSection(ProjectDependencies) = postProject
		{81E01B56-E927-3445-BCDA-B8F3984C8EC3} = {81E01B56-E927-3445-BCDA-B8F3984C8EC3}
	EndProjectSection
EndProject
Project("{8BC9CEB8-8B4A-11D0-8D11-00A0C91BC942}") = "unit", "test\unit.vcxproj", "{148F8977-7079-397B-AE44-7A2010F5672C}"
	ProjectSection(ProjectDependencies) = postProject
		{81E01B56-E927-3445-BCDA-B8F3984C8EC3} = {81E01B56-E927-3445-BCDA-B8F3984C8EC3}
		{D6E8BEBE-B906-384F-9CAB-6C616F112CB4} = {D6E8BEBE-B906-384F-9CAB-6C616F112CB4}
		{5F0C22F1-C275-328D-993B-22F4FA77D3BE} = {5F0C22F1-C275-328D-993B-22F4FA77D3BE}
	EndProjectSection
EndProject
Project("{8BC9CEB8-8B4A-11D0-8D11-00A0C91BC942}") = "zlibstatic", "contrib\zlib\zlibstatic.vcxproj", "{5F0C22F1-C275-328D-993B-22F4FA77D3BE}"
	ProjectSection(ProjectDependencies) = postProject
		{81E01B56-E927-3445-BCDA-B8F3984C8EC3} = {81E01B56-E927-3445-BCDA-B8F3984C8EC3}
	EndProjectSection
EndProject
Global
	GlobalSection(SolutionConfigurationPlatforms) = preSolution
		Debug|x64 = Debug|x64
		Release|x64 = Release|x64
		MinSizeRel|x64 = MinSizeRel|x64
		RelWithDebInfo|x64 = RelWithDebInfo|x64
	EndGlobalSection
	GlobalSection(ProjectConfigurationPlatforms) = postSolution
		{3DAFF251-F2A0-37D2-8EA1-7F2145AE55A0}.Debug|x64.ActiveCfg = Debug|x64
		{3DAFF251-F2A0-37D2-8EA1-7F2145AE55A0}.Debug|x64.Build.0 = Debug|x64
		{3DAFF251-F2A0-37D2-8EA1-7F2145AE55A0}.Release|x64.ActiveCfg = Release|x64
		{3DAFF251-F2A0-37D2-8EA1-7F2145AE55A0}.Release|x64.Build.0 = Release|x64
		{3DAFF251-F2A0-37D2-8EA1-7F2145AE55A0}.MinSizeRel|x64.ActiveCfg = MinSizeRel|x64
		{3DAFF251-F2A0-37D2-8EA1-7F2145AE55A0}.MinSizeRel|x64.Build.0 = MinSizeRel|x64
		{3DAFF251-F2A0-37D2-8EA1-7F2145AE55A0}.RelWithDebInfo|x64.ActiveCfg = RelWithDebInfo|x64
		{3DAFF251-F2A0-37D2-8EA1-7F2145AE55A0}.RelWithDebInfo|x64.Build.0 = RelWithDebInfo|x64
		{AB53F85C-CDF6-3BAB-A783-E77CDE246B33}.Debug|x64.ActiveCfg = Debug|x64
		{AB53F85C-CDF6-3BAB-A783-E77CDE246B33}.Release|x64.ActiveCfg = Release|x64
		{AB53F85C-CDF6-3BAB-A783-E77CDE246B33}.MinSizeRel|x64.ActiveCfg = MinSizeRel|x64
		{AB53F85C-CDF6-3BAB-A783-E77CDE246B33}.RelWithDebInfo|x64.ActiveCfg = RelWithDebInfo|x64
		{5C8EF5A8-186F-3E2A-AC23-24198BDA940C}.Debug|x64.ActiveCfg = Debug|x64
		{5C8EF5A8-186F-3E2A-AC23-24198BDA940C}.Release|x64.ActiveCfg = Release|x64
		{5C8EF5A8-186F-3E2A-AC23-24198BDA940C}.MinSizeRel|x64.ActiveCfg = MinSizeRel|x64
		{5C8EF5A8-186F-3E2A-AC23-24198BDA940C}.RelWithDebInfo|x64.ActiveCfg = RelWithDebInfo|x64
		{81E01B56-E927-3445-BCDA-B8F3984C8EC3}.Debug|x64.ActiveCfg = Debug|x64
		{81E01B56-E927-3445-BCDA-B8F3984C8EC3}.Debug|x64.Build.0 = Debug|x64
		{81E01B56-E927-3445-BCDA-B8F3984C8EC3}.Release|x64.ActiveCfg = Release|x64
		{81E01B56-E927-3445-BCDA-B8F3984C8EC3}.Release|x64.Build.0 = Release|x64
		{81E01B56-E927-3445-BCDA-B8F3984C8EC3}.MinSizeRel|x64.ActiveCfg = MinSizeRel|x64
		{81E01B56-E927-3445-BCDA-B8F3984C8EC3}.MinSizeRel|x64.Build.0 = MinSizeRel|x64
		{81E01B56-E927-3445-BCDA-B8F3984C8EC3}.RelWithDebInfo|x64.ActiveCfg = RelWithDebInfo|x64
		{81E01B56-E927-3445-BCDA-B8F3984C8EC3}.RelWithDebInfo|x64.Build.0 = RelWithDebInfo|x64
		{D6E8BEBE-B906-384F-9CAB-6C616F112CB4}.Debug|x64.ActiveCfg = Debug|x64
		{D6E8BEBE-B906-384F-9CAB-6C616F112CB4}.Debug|x64.Build.0 = Debug|x64
		{D6E8BEBE-B906-384F-9CAB-6C616F112CB4}.Release|x64.ActiveCfg = Release|x64
		{D6E8BEBE-B906-384F-9CAB-6C616F112CB4}.Release|x64.Build.0 = Release|x64
		{D6E8BEBE-B906-384F-9CAB-6C616F112CB4}.MinSizeRel|x64.ActiveCfg = MinSizeRel|x64
		{D6E8BEBE-B906-384F-9CAB-6C616F112CB4}.MinSizeRel|x64.Build.0 = MinSizeRel|x64
		{D6E8BEBE-B906-384F-9CAB-6C616F112CB4}.RelWithDebInfo|x64.ActiveCfg = RelWithDebInfo|x64
		{D6E8BEBE-B906-384F-9CAB-6C616F112CB4}.RelWithDebInfo|x64.Build.0 = RelWithDebInfo|x64
		{644C2D6E-DDCE-38DF-BCDE-FB3AE5131370}.Debug|x64.ActiveCfg = Debug|x64
		{644C2D6E-DDCE-38DF-BCDE-FB3AE5131370}.Release|x64.ActiveCfg = Release|x64
		{644C2D6E-DDCE-38DF-BCDE-FB3AE5131370}.MinSizeRel|x64.ActiveCfg = MinSizeRel|x64
		{644C2D6E-DDCE-38DF-BCDE-FB3AE5131370}.RelWithDebInfo|x64.ActiveCfg = RelWithDebInfo|x64
		{148F8977-7079-397B-AE44-7A2010F5672C}.Debug|x64.ActiveCfg = Debug|x64
		{148F8977-7079-397B-AE44-7A2010F5672C}.Debug|x64.Build.0 = Debug|x64
		{148F8977-7079-397B-AE44-7A2010F5672C}.Release|x64.ActiveCfg = Release|x64
		{148F8977-7079-397B-AE44-7A2010F5672C}.Release|x64.Build.0 = Release|x64
		{148F8977-7079-397B-AE44-7A2010F5672C}.MinSizeRel|x64.ActiveCfg = MinSizeRel|x64
		{148F8977-7079-397B-AE44-7A2010F5672C}.MinSizeRel|x64.Build.0 = MinSizeRel|x64
		{148F8977-7079-397B-AE44-7A2010F5672C}.RelWithDebInfo|x64.ActiveCfg = RelWithDebInfo|x64
		{148F8977-7079-397B-AE44-7A2010F5672C}.RelWithDebInfo|x64.Build.0 = RelWithDebInfo|x64
		{5F0C22F1-C275-328D-993B-22F4FA77D3BE}.Debug|x64.ActiveCfg = Debug|x64
		{5F0C22F1-C275-328D-993B-22F4FA77D3BE}.Debug|x64.Build.0 = Debug|x64
		{5F0C22F1-C275-328D-993B-22F4FA77D3BE}.Release|x64.ActiveCfg = Release|x64
		{5F0C22F1-C275-328D-993B-22F4FA77D3BE}.Release|x64.Build.0 = Release|x64
		{5F0C22F1-C275-328D-993B-22F4FA77D3BE}.MinSizeRel|x64.ActiveCfg = MinSizeRel|x64
		{5F0C22F1-C275-328D-993B-22F4FA77D3BE}.MinSizeRel|x64.Build.0 = MinSizeRel|x64
		{5F0C22F1-C275-328D-993B-22F4FA77D3BE}.RelWithDebInfo|x64.ActiveCfg = RelWithDebInfo|x64
		{5F0C22F1-C275-328D-993B-22F4FA77D3BE}.RelWithDebInfo|x64.Build.0 = RelWithDebInfo|x64
	EndGlobalSection
	GlobalSection(ExtensibilityGlobals) = postSolution
		SolutionGuid = {46CAF3B4-3996-325C-86EF-14B531CDA2BD}
	EndGlobalSection
	GlobalSection(ExtensibilityAddIns) = postSolution
	EndGlobalSection
EndGlobal
