<?xml version="1.0" encoding="utf-8"?>
<Project ToolsVersion="16.0" xmlns="http://schemas.microsoft.com/developer/msbuild/2003">
  <ItemGroup>
    <CustomBuild Include="C:\Users\scien\Desktop\assimp\CMakeFiles\fb2b68b3021f78fc0534b6c5c7a74068\INSTALL_force.rule">
      <Filter>CMake Rules</Filter>
    </CustomBuild>
  </ItemGroup>
  <ItemGroup>
    <Filter Include="CMake Rules">
      <UniqueIdentifier>{0CBD5D28-5B1B-3CDD-BF62-CAA1F731B8CC}</UniqueIdentifier>
    </Filter>
  </ItemGroup>
</Project>
